
Microsoft Visual Studio Solution File, Format Version 12.00
# Visual Studio 2012
Project("{FAE04EC0-301F-11D3-BF4B-00C04F79EFBC}") = "Curriculum_Design_2018_06", "Curriculum_Design_2018_06\Curriculum_Design_2018_06.csproj", "{1BF38DA1-2578-41FC-9D6F-E304FD0523C8}"
EndProject
Global
	GlobalSection(SolutionConfigurationPlatforms) = preSolution
		Debug|Any CPU = Debug|Any CPU
		Release|Any CPU = Release|Any CPU
	EndGlobalSection
	GlobalSection(ProjectConfigurationPlatforms) = postSolution
		{1BF38DA1-2578-41FC-9D6F-E304FD0523C8}.Debug|Any CPU.ActiveCfg = Debug|Any CPU
		{1BF38DA1-2578-41FC-9D6F-E304FD0523C8}.Debug|Any CPU.Build.0 = Debug|Any CPU
		{1BF38DA1-2578-41FC-9D6F-E304FD0523C8}.Release|Any CPU.ActiveCfg = Release|Any CPU
		{1BF38DA1-2578-41FC-9D6F-E304FD0523C8}.Release|Any CPU.Build.0 = Release|Any CPU
	EndGlobalSection
	GlobalSection(SolutionProperties) = preSolution
		HideSolutionNode = FALSE
	EndGlobalSection
EndGlobal
