
Microsoft Visual Studio Solution File, Format Version 12.00
# Visual Studio 2012
Project("{FAE04EC0-301F-11D3-BF4B-00C04F79EFBC}") = "CSharpCourseDesign_201906", "CSharpCourseDesign_201906\CSharpCourseDesign_201906.csproj", "{FE002762-6A31-47EE-B92C-2504043A6A6A}"
EndProject
Project("{FAE04EC0-301F-11D3-BF4B-00C04F79EFBC}") = "Ernie", "Ernie\Ernie.csproj", "{8963BDDF-9579-4F55-B2AA-4C6563388D84}"
EndProject
Project("{FAE04EC0-301F-11D3-BF4B-00C04F79EFBC}") = "MusicPlayer", "MusicPlayer\MusicPlayer.csproj", "{1BF6B205-762B-4179-BB37-8FD40EAA2221}"
EndProject
Project("{FAE04EC0-301F-11D3-BF4B-00C04F79EFBC}") = "MessageTransmitter_ServerSide", "MessageTransmitter_ServerSide\MessageTransmitter_ServerSide.csproj", "{043FCDE1-76EB-414B-9AE5-41AE35E5D4B1}"
EndProject
Project("{FAE04EC0-301F-11D3-BF4B-00C04F79EFBC}") = "MessageTransmitter_Client", "MessageTransmitter_Client\MessageTransmitter_Client.csproj", "{9EC5C2C2-BC87-4142-BC49-32C0CA4EDB14}"
EndProject
Global
	GlobalSection(SolutionConfigurationPlatforms) = preSolution
		Debug|Any CPU = Debug|Any CPU
		Release|Any CPU = Release|Any CPU
	EndGlobalSection
	GlobalSection(ProjectConfigurationPlatforms) = postSolution
		{FE002762-6A31-47EE-B92C-2504043A6A6A}.Debug|Any CPU.ActiveCfg = Debug|Any CPU
		{FE002762-6A31-47EE-B92C-2504043A6A6A}.Debug|Any CPU.Build.0 = Debug|Any CPU
		{FE002762-6A31-47EE-B92C-2504043A6A6A}.Release|Any CPU.ActiveCfg = Release|Any CPU
		{FE002762-6A31-47EE-B92C-2504043A6A6A}.Release|Any CPU.Build.0 = Release|Any CPU
		{8963BDDF-9579-4F55-B2AA-4C6563388D84}.Debug|Any CPU.ActiveCfg = Debug|Any CPU
		{8963BDDF-9579-4F55-B2AA-4C6563388D84}.Debug|Any CPU.Build.0 = Debug|Any CPU
		{8963BDDF-9579-4F55-B2AA-4C6563388D84}.Release|Any CPU.ActiveCfg = Release|Any CPU
		{8963BDDF-9579-4F55-B2AA-4C6563388D84}.Release|Any CPU.Build.0 = Release|Any CPU
		{1BF6B205-762B-4179-BB37-8FD40EAA2221}.Debug|Any CPU.ActiveCfg = Debug|Any CPU
		{1BF6B205-762B-4179-BB37-8FD40EAA2221}.Debug|Any CPU.Build.0 = Debug|Any CPU
		{1BF6B205-762B-4179-BB37-8FD40EAA2221}.Release|Any CPU.ActiveCfg = Release|Any CPU
		{1BF6B205-762B-4179-BB37-8FD40EAA2221}.Release|Any CPU.Build.0 = Release|Any CPU
		{043FCDE1-76EB-414B-9AE5-41AE35E5D4B1}.Debug|Any CPU.ActiveCfg = Debug|Any CPU
		{043FCDE1-76EB-414B-9AE5-41AE35E5D4B1}.Debug|Any CPU.Build.0 = Debug|Any CPU
		{043FCDE1-76EB-414B-9AE5-41AE35E5D4B1}.Release|Any CPU.ActiveCfg = Release|Any CPU
		{043FCDE1-76EB-414B-9AE5-41AE35E5D4B1}.Release|Any CPU.Build.0 = Release|Any CPU
		{9EC5C2C2-BC87-4142-BC49-32C0CA4EDB14}.Debug|Any CPU.ActiveCfg = Debug|Any CPU
		{9EC5C2C2-BC87-4142-BC49-32C0CA4EDB14}.Debug|Any CPU.Build.0 = Debug|Any CPU
		{9EC5C2C2-BC87-4142-BC49-32C0CA4EDB14}.Release|Any CPU.ActiveCfg = Release|Any CPU
		{9EC5C2C2-BC87-4142-BC49-32C0CA4EDB14}.Release|Any CPU.Build.0 = Release|Any CPU
	EndGlobalSection
	GlobalSection(SolutionProperties) = preSolution
		HideSolutionNode = FALSE
	EndGlobalSection
EndGlobal
